
Microsoft Visual Studio Solution File, Format Version 12.00
# Visual Studio 2012
Project("{FAE04EC0-301F-11D3-BF4B-00C04F79EFBC}") = "DynaDLLMain", "DynaDLLMain\DynaDLLMain.csproj", "{F3E4845A-550F-4614-BF44-4BBDA0BEA540}"
EndProject
Project("{FAE04EC0-301F-11D3-BF4B-00C04F79EFBC}") = "Add", "Add\Add.csproj", "{B4BC634F-9BF9-4A74-90C8-533C7CE7A26D}"
EndProject
Project("{FAE04EC0-301F-11D3-BF4B-00C04F79EFBC}") = "Substract", "Substract\Substract.csproj", "{F8152BE3-F2E1-476B-84F6-E4705CC5EFDF}"
EndProject
Global
	GlobalSection(SolutionConfigurationPlatforms) = preSolution
		Debug|Any CPU = Debug|Any CPU
		Release|Any CPU = Release|Any CPU
	EndGlobalSection
	GlobalSection(ProjectConfigurationPlatforms) = postSolution
		{F3E4845A-550F-4614-BF44-4BBDA0BEA540}.Debug|Any CPU.ActiveCfg = Debug|Any CPU
		{F3E4845A-550F-4614-BF44-4BBDA0BEA540}.Debug|Any CPU.Build.0 = Debug|Any CPU
		{F3E4845A-550F-4614-BF44-4BBDA0BEA540}.Release|Any CPU.ActiveCfg = Release|Any CPU
		{F3E4845A-550F-4614-BF44-4BBDA0BEA540}.Release|Any CPU.Build.0 = Release|Any CPU
		{B4BC634F-9BF9-4A74-90C8-533C7CE7A26D}.Debug|Any CPU.ActiveCfg = Debug|Any CPU
		{B4BC634F-9BF9-4A74-90C8-533C7CE7A26D}.Debug|Any CPU.Build.0 = Debug|Any CPU
		{B4BC634F-9BF9-4A74-90C8-533C7CE7A26D}.Release|Any CPU.ActiveCfg = Release|Any CPU
		{B4BC634F-9BF9-4A74-90C8-533C7CE7A26D}.Release|Any CPU.Build.0 = Release|Any CPU
		{F8152BE3-F2E1-476B-84F6-E4705CC5EFDF}.Debug|Any CPU.ActiveCfg = Debug|Any CPU
		{F8152BE3-F2E1-476B-84F6-E4705CC5EFDF}.Debug|Any CPU.Build.0 = Debug|Any CPU
		{F8152BE3-F2E1-476B-84F6-E4705CC5EFDF}.Release|Any CPU.ActiveCfg = Release|Any CPU
		{F8152BE3-F2E1-476B-84F6-E4705CC5EFDF}.Release|Any CPU.Build.0 = Release|Any CPU
	EndGlobalSection
	GlobalSection(SolutionProperties) = preSolution
		HideSolutionNode = FALSE
	EndGlobalSection
EndGlobal
